{
  "name": "context-delta-engine",
  "version": "0.1.0",
  "lockfileVersion": 3,
  "requires": true,
  "packages": {
    "": {
      "name": "context-delta-engine",
      "version": "0.1.0",
      "license": "Apache-2.0",
      "workspaces": [
        "packages/*"
      ],
      "dependencies": {
        "gpt-tokenizer": "^2.9.0"
      },
      "bin": {
        "context-delta": "packages/cli/bin/context-delta.js",
        "context-delta-mcp": "packages/mcp-server/bin/context-delta-mcp.js"
      },
      "engines": {
        "node": ">=20"
      }
    },
    "node_modules/@contextdelta/cli": {
      "resolved": "packages/cli",
      "link": true
    },
    "node_modules/@contextdelta/engine": {
      "resolved": "packages/engine",
      "link": true
    },
    "node_modules/@contextdelta/mcp-server": {
      "resolved": "packages/mcp-server",
      "link": true
    },
    "node_modules/@contextdelta/shared": {
      "resolved": "packages/shared",
      "link": true
    },
    "node_modules/context-delta-vscode": {
      "resolved": "packages/vscode-extension",
      "link": true
    },
    "node_modules/gpt-tokenizer": {
      "version": "2.9.0",
      "resolved": "https://registry.npmjs.org/gpt-tokenizer/-/gpt-tokenizer-2.9.0.tgz",
      "integrity": "sha512-YSpexBL/k4bfliAzMrRqn3M6+it02LutVyhVpDeMKrC/O9+pCe/5s8U2hYKa2vFLD5/vHhsKc8sOn/qGqII8Kg==",
      "license": "MIT"
    },
    "packages/cli": {
      "name": "@contextdelta/cli",
      "version": "0.1.0",
      "license": "Apache-2.0",
      "bin": {
        "context-delta": "bin/context-delta.js"
      }
    },
    "packages/engine": {
      "name": "@contextdelta/engine",
      "version": "0.1.0",
      "license": "Apache-2.0"
    },
    "packages/mcp-server": {
      "name": "@contextdelta/mcp-server",
      "version": "0.1.0",
      "license": "Apache-2.0",
      "bin": {
        "context-delta-mcp": "bin/context-delta-mcp.js"
      }
    },
    "packages/shared": {
      "name": "@contextdelta/shared",
      "version": "0.1.0",
      "license": "Apache-2.0"
    },
    "packages/vscode-extension": {
      "name": "context-delta-vscode",
      "version": "0.1.0",
      "license": "Apache-2.0",
      "engines": {
        "vscode": "^1.92.0"
      }
    }
  }
}
